<?xml version="1.0" encoding="utf-8"?>
<Project ToolsVersion="4.0" xmlns="http://schemas.microsoft.com/developer/msbuild/2003">
  <ItemGroup>
    <Filter Include="obse">
      <UniqueIdentifier>{a47d661a-32d4-4943-be34-61962d2d4718}</UniqueIdentifier>
    </Filter>
    <Filter Include="include">
      <UniqueIdentifier>{2e6d317e-f813-4190-8358-ee6b8856aa5b}</UniqueIdentifier>
    </Filter>
    <Filter Include="internal">
      <UniqueIdentifier>{125a1277-c88c-4078-a03f-6edfebac17d0}</UniqueIdentifier>
    </Filter>
  </ItemGroup>
  <ItemGroup>
    <ClCompile Include="dllmain.c" />
    <ClCompile Include="main.cpp" />
    <ClCompile Include="Definitions.cpp" />
    <ClCompile Include="CallTrace.cpp" />
    <ClCompile Include="RegistryStack.cpp" />
    <ClCompile Include="Modules.cpp" />
    <ClCompile Include="Device.cpp" />
    <ClCompile Include="LabelsOBSE.cpp" />
    <ClCompile Include="Logging.cpp" />
    <ClCompile Include="Memory.cpp" />
    <ClCompile Include="..\OBSE\obse\obse\GameActorValues.cpp">
      <Filter>obse</Filter>
    </ClCompile>
    <ClCompile Include="..\OBSE\obse\obse\GameAPI.cpp">
      <Filter>obse</Filter>
    </ClCompile>
    <ClCompile Include="..\OBSE\obse\obse\GameBSExtraData.cpp">
      <Filter>obse</Filter>
    </ClCompile>
    <ClCompile Include="..\OBSE\obse\obse\GameData.cpp">
      <Filter>obse</Filter>
    </ClCompile>
    <ClCompile Include="..\OBSE\obse\obse\GameExtraData.cpp">
      <Filter>obse</Filter>
    </ClCompile>
    <ClCompile Include="..\OBSE\obse\obse\GameForms.cpp">
      <Filter>obse</Filter>
    </ClCompile>
    <ClCompile Include="..\OBSE\obse\obse\GameObjects.cpp">
      <Filter>obse</Filter>
    </ClCompile>
    <ClCompile Include="..\OBSE\obse\obse\GameTasks.cpp">
      <Filter>obse</Filter>
    </ClCompile>
    <ClCompile Include="..\OBSE\obse\obse\GameTypes.cpp">
      <Filter>obse</Filter>
    </ClCompile>
    <ClCompile Include="..\OBSE\obse\obse\NiAPI.cpp">
      <Filter>obse</Filter>
    </ClCompile>
    <ClCompile Include="..\OBSE\obse\obse\NiNodes.cpp">
      <Filter>obse</Filter>
    </ClCompile>
    <ClCompile Include="..\OBSE\obse\obse\NiObjects.cpp">
      <Filter>obse</Filter>
    </ClCompile>
    <ClCompile Include="..\OBSE\obse\obse\NiRTTI.cpp">
      <Filter>obse</Filter>
    </ClCompile>
    <ClCompile Include="..\OBSE\obse\obse\Script.cpp">
      <Filter>obse</Filter>
    </ClCompile>
    <ClCompile Include="..\OBSE\obse\obse\Utilities.cpp">
      <Filter>obse</Filter>
    </ClCompile>
    <ClCompile Include="dllmain.c" />
    <ClCompile Include="..\OBSE\obse\obse\GameOSDepend.cpp">
      <Filter>obse</Filter>
    </ClCompile>
    <ClCompile Include="..\OBSE\obse\StdAfx.cpp">
      <Filter>obse</Filter>
    </ClCompile>
    <ClCompile Include="..\OBSE\obse\obse_common\SafeWrite.cpp">
      <Filter>obse</Filter>
    </ClCompile>
    <ClCompile Include="PDB.cpp" />
    <ClCompile Include="SharedMem.cpp" />
    <ClCompile Include="CrashLoggerAPI.cpp" />
    <ClCompile Include="MemoryProbe.cpp" />
    <ClCompile Include="CLUtilities.cpp" />
  </ItemGroup>
  <ItemGroup>
    <ClInclude Include="ExceptionHandler.hpp" />
    <ClInclude Include="Definitions.hpp" />
    <ClInclude Include="RTTI.hpp" />
    <ClInclude Include="..\OBSE\obse\obse\GameActorValues.h">
      <Filter>obse</Filter>
    </ClInclude>
    <ClInclude Include="..\OBSE\obse\obse\GameAPI.h">
      <Filter>obse</Filter>
    </ClInclude>
    <ClInclude Include="..\OBSE\obse\obse\GameBSExtraData.h">
      <Filter>obse</Filter>
    </ClInclude>
    <ClInclude Include="..\OBSE\obse\obse\GameData.h">
      <Filter>obse</Filter>
    </ClInclude>
    <ClInclude Include="..\OBSE\obse\obse\GameExtraData.h">
      <Filter>obse</Filter>
    </ClInclude>
    <ClInclude Include="..\OBSE\obse\obse\GameForms.h">
      <Filter>obse</Filter>
    </ClInclude>
    <ClInclude Include="..\OBSE\obse\obse\GameObjects.h">
      <Filter>obse</Filter>
    </ClInclude>
    <ClInclude Include="..\OBSE\obse\obse\GameTasks.h">
      <Filter>obse</Filter>
    </ClInclude>
    <ClInclude Include="..\OBSE\obse\obse\GameTypes.h">
      <Filter>obse</Filter>
    </ClInclude>
    <ClInclude Include="..\OBSE\obse\obse\NiAPI.h">
      <Filter>obse</Filter>
    </ClInclude>
    <ClInclude Include="..\OBSE\obse\obse\NiObjects.h">
      <Filter>obse</Filter>
    </ClInclude>
    <ClInclude Include="..\OBSE\obse\obse\NiNodes.h">
      <Filter>obse</Filter>
    </ClInclude>
    <ClInclude Include="..\OBSE\obse\obse\NiRTTI.h">
      <Filter>obse</Filter>
    </ClInclude>
    <ClInclude Include="..\OBSE\obse\obse\ParamInfos.h">
      <Filter>obse</Filter>
    </ClInclude>
    <ClInclude Include="..\OBSE\obse\obse\PluginAPI.h">
      <Filter>obse</Filter>
    </ClInclude>
    <ClInclude Include="..\OBSE\obse\obse\Script.h">
      <Filter>obse</Filter>
    </ClInclude>
    <ClInclude Include="..\OBSE\obse\obse\Utilities.h">
      <Filter>obse</Filter>
    </ClInclude>
    <ClInclude Include="..\OBSE\obse\obse\GameOSDepend.h">
      <Filter>obse</Filter>
    </ClInclude>
    <ClInclude Include="..\OBSE\obse\StdAfx.h">
      <Filter>obse</Filter>
    </ClInclude>
    <ClInclude Include="..\OBSE\obse\obse_common\SafeWrite.h">
      <Filter>obse</Filter>
    </ClInclude>
    <ClInclude Include="CrashLoggerAPI.h">
      <Filter>include</Filter>
    </ClInclude>
    <ClInclude Include="CLUtilities.hpp">
      <Filter>internal</Filter>
    </ClInclude>
    <ClInclude Include="PDB.h">
      <Filter>internal</Filter>
    </ClInclude>
    <ClInclude Include="Labels.hpp" />
    <ClInclude Include="RegistryStack.h" />
    <ClInclude Include="StackAPI.hpp">
      <Filter>include</Filter>
    </ClInclude>
    <ClInclude Include="MemoryProbe.hpp">
      <Filter>internal</Filter>
    </ClInclude>
    <ClInclude Include="Dereference.hpp">
      <Filter>internal</Filter>
    </ClInclude>
    <ClInclude Include="LabelsOBSE.h">
      <Filter>internal</Filter>
    </ClInclude>
    <ClInclude Include="CrashLogger.hpp">
      <Filter>internal</Filter>
    </ClInclude>
    <ClInclude Include="Logging.hpp">
      <Filter>internal</Filter>
    </ClInclude>
    <ClInclude Include="LogClassByLine.h">
      <Filter>internal</Filter>
    </ClInclude>
    <ClInclude Include="Formatter.hpp">
      <Filter>internal</Filter>
    </ClInclude>
    <ClInclude Include="SharedMem.h">
      <Filter>include</Filter>
    </ClInclude>
  </ItemGroup>
  <ItemGroup>
    <None Include="exports.def" />
    <None Include="..\OBSE\obse\obse\GameRTTI_1_1.inl">
      <Filter>obse</Filter>
    </None>
    <None Include="..\OBSE\obse\obse\GameRTTI_1_2.inl">
      <Filter>obse</Filter>
    </None>
    <None Include="..\OBSE\obse\obse\GameRTTI_1_2_416.inl">
      <Filter>obse</Filter>
    </None>
  </ItemGroup>
</Project>